{
  "name": "galmuri",
  "version": "2.38.8",
  "lockfileVersion": 2,
  "requires": true,
  "packages": {
    "": {
      "name": "galmuri",
      "version": "2.38.8",
      "funding": [
        {
          "type": "patreon",
          "url": "https://patreon.com/quiple"
        },
        {
          "type": "liberapay",
          "url": "https://liberapay.com/quiple"
        }
      ],
      "license": "OFL-1.1"
    }
  }
}
